
Microsoft Visual Studio Solution File, Format Version 12.00
# Visual Studio Version 17
VisualStudioVersion = 17.4.33122.133
MinimumVisualStudioVersion = 10.0.40219.1
Project("{9A19103F-16F7-4668-BE54-9A1E7A4F7556}") = "DotJEM.Json.Index2.Test", "DotJEM.Json.Index2.Test\DotJEM.Json.Index2.Test.csproj", "{E617BC88-B223-440B-8AB5-34F38827893C}"
EndProject
Project("{9A19103F-16F7-4668-BE54-9A1E7A4F7556}") = "DotJEM.Json.Index2", "DotJEM.Json.Index2\DotJEM.Json.Index2.csproj", "{2E33AE34-57CD-4867-A0FF-507E7C51D718}"
EndProject
Project("{2150E333-8FDC-42A3-9474-1A3956D46DE8}") = ".SolutionItems", ".SolutionItems", "{574B5607-3A32-4EB4-A3EF-46267F35DEBC}"
	ProjectSection(SolutionItems) = preProject
		..\.gitignore = ..\.gitignore
		..\avatar.png = ..\avatar.png
		DotJEM.Json.Index2.common.props = DotJEM.Json.Index2.common.props
		..\LICENSE = ..\LICENSE
		..\README.md = ..\README.md
		..\VERSION = ..\VERSION
	EndProjectSection
EndProject
Project("{9A19103F-16F7-4668-BE54-9A1E7A4F7556}") = "DotJEM.Json.Index2.Contexts", "DotJEM.Json.Index2.Contexts\DotJEM.Json.Index2.Contexts.csproj", "{79933340-D497-44BE-8FA2-7C1EBE1BC715}"
EndProject
Project("{9A19103F-16F7-4668-BE54-9A1E7A4F7556}") = "DotJEM.Json.Index2.QueryParsers", "DotJEM.Json.Index2.QueryParsers\DotJEM.Json.Index2.QueryParsers.csproj", "{B07B4E9F-7202-4E9D-ACCC-717B43469A7A}"
EndProject
Project("{FAE04EC0-301F-11D3-BF4B-00C04F79EFBC}") = "DotJEM.Json.Index2.Snapshots", "DotJEM.Json.Index2.Snapshots\DotJEM.Json.Index2.Snapshots.csproj", "{98FF81EC-F9B6-4B6C-9B02-2A5830756B05}"
EndProject
Global
	GlobalSection(SolutionConfigurationPlatforms) = preSolution
		Debug|Any CPU = Debug|Any CPU
		Release|Any CPU = Release|Any CPU
	EndGlobalSection
	GlobalSection(ProjectConfigurationPlatforms) = postSolution
		{E617BC88-B223-440B-8AB5-34F38827893C}.Debug|Any CPU.ActiveCfg = Debug|Any CPU
		{E617BC88-B223-440B-8AB5-34F38827893C}.Debug|Any CPU.Build.0 = Debug|Any CPU
		{E617BC88-B223-440B-8AB5-34F38827893C}.Release|Any CPU.ActiveCfg = Release|Any CPU
		{E617BC88-B223-440B-8AB5-34F38827893C}.Release|Any CPU.Build.0 = Release|Any CPU
		{2E33AE34-57CD-4867-A0FF-507E7C51D718}.Debug|Any CPU.ActiveCfg = Debug|Any CPU
		{2E33AE34-57CD-4867-A0FF-507E7C51D718}.Debug|Any CPU.Build.0 = Debug|Any CPU
		{2E33AE34-57CD-4867-A0FF-507E7C51D718}.Release|Any CPU.ActiveCfg = Release|Any CPU
		{2E33AE34-57CD-4867-A0FF-507E7C51D718}.Release|Any CPU.Build.0 = Release|Any CPU
		{79933340-D497-44BE-8FA2-7C1EBE1BC715}.Debug|Any CPU.ActiveCfg = Debug|Any CPU
		{79933340-D497-44BE-8FA2-7C1EBE1BC715}.Debug|Any CPU.Build.0 = Debug|Any CPU
		{79933340-D497-44BE-8FA2-7C1EBE1BC715}.Release|Any CPU.ActiveCfg = Release|Any CPU
		{79933340-D497-44BE-8FA2-7C1EBE1BC715}.Release|Any CPU.Build.0 = Release|Any CPU
		{B07B4E9F-7202-4E9D-ACCC-717B43469A7A}.Debug|Any CPU.ActiveCfg = Debug|Any CPU
		{B07B4E9F-7202-4E9D-ACCC-717B43469A7A}.Debug|Any CPU.Build.0 = Debug|Any CPU
		{B07B4E9F-7202-4E9D-ACCC-717B43469A7A}.Release|Any CPU.ActiveCfg = Release|Any CPU
		{B07B4E9F-7202-4E9D-ACCC-717B43469A7A}.Release|Any CPU.Build.0 = Release|Any CPU
		{98FF81EC-F9B6-4B6C-9B02-2A5830756B05}.Debug|Any CPU.ActiveCfg = Debug|Any CPU
		{98FF81EC-F9B6-4B6C-9B02-2A5830756B05}.Debug|Any CPU.Build.0 = Debug|Any CPU
		{98FF81EC-F9B6-4B6C-9B02-2A5830756B05}.Release|Any CPU.ActiveCfg = Release|Any CPU
		{98FF81EC-F9B6-4B6C-9B02-2A5830756B05}.Release|Any CPU.Build.0 = Release|Any CPU
	EndGlobalSection
	GlobalSection(SolutionProperties) = preSolution
		HideSolutionNode = FALSE
	EndGlobalSection
	GlobalSection(ExtensibilityGlobals) = postSolution
		SolutionGuid = {7E7928A8-CADD-4F04-A69D-36EFE1A8D27B}
	EndGlobalSection
EndGlobal
