
Microsoft Visual Studio Solution File, Format Version 12.00
# Visual Studio Version 17
VisualStudioVersion = 17.4.33122.133
MinimumVisualStudioVersion = 10.0.40219.1
Project("{9A19103F-16F7-4668-BE54-9A1E7A4F7556}") = "DotJEM.Json.Index2.Test", "DotJEM.Json.Index2.Test\DotJEM.Json.Index2.Test.csproj", "{E617BC88-B223-440B-8AB5-34F38827893C}"
EndProject
Project("{9A19103F-16F7-4668-BE54-9A1E7A4F7556}") = "DotJEM.Json.Index2", "DotJEM.Json.Index2\DotJEM.Json.Index2.csproj", "{2E33AE34-57CD-4867-A0FF-507E7C51D718}"
EndProject
Project("{2150E333-8FDC-42A3-9474-1A3956D46DE8}") = ".SolutionItems", ".SolutionItems", "{574B5607-3A32-4EB4-A3EF-46267F35DEBC}"
	ProjectSection(SolutionItems) = preProject
		..\.gitignore = ..\.gitignore
		..\avatar.png = ..\avatar.png
		DotJEM.Json.Index2.common.props = DotJEM.Json.Index2.common.props
		DotJEM.Json.Index2.common.src.props = DotJEM.Json.Index2.common.src.props
		DotJEM.Json.Index2.common.test.net481.props = DotJEM.Json.Index2.common.test.net481.props
		DotJEM.Json.Index2.common.test.net9.props = DotJEM.Json.Index2.common.test.net9.props
		..\LICENSE = ..\LICENSE
		..\README.md = ..\README.md
		..\VERSION = ..\VERSION
	EndProjectSection
EndProject
Project("{9A19103F-16F7-4668-BE54-9A1E7A4F7556}") = "DotJEM.Json.Index2.Contexts", "DotJEM.Json.Index2.Contexts\DotJEM.Json.Index2.Contexts.csproj", "{79933340-D497-44BE-8FA2-7C1EBE1BC715}"
EndProject
Project("{9A19103F-16F7-4668-BE54-9A1E7A4F7556}") = "DotJEM.Json.Index2.QueryParsers", "DotJEM.Json.Index2.QueryParsers\DotJEM.Json.Index2.QueryParsers.csproj", "{B07B4E9F-7202-4E9D-ACCC-717B43469A7A}"
EndProject
Project("{9A19103F-16F7-4668-BE54-9A1E7A4F7556}") = "DotJEM.Json.Index2.Snapshots", "DotJEM.Json.Index2.Snapshots\DotJEM.Json.Index2.Snapshots.csproj", "{98FF81EC-F9B6-4B6C-9B02-2A5830756B05}"
EndProject
Project("{9A19103F-16F7-4668-BE54-9A1E7A4F7556}") = "DotJEM.Json.Index2.Contexts.Test", "DotJEM.Json.Index2.Contexts.Test\DotJEM.Json.Index2.Contexts.Test.csproj", "{8F30DDCD-334C-4C47-AE47-9DCEB0CB4C73}"
EndProject
Project("{9A19103F-16F7-4668-BE54-9A1E7A4F7556}") = "DotJEM.Json.Index2.QueryParsers.Test", "DotJEM.Json.Index2.QueryParsers.Test\DotJEM.Json.Index2.QueryParsers.Test.csproj", "{10159BF9-8B8C-4BE1-8DB8-321839C6C267}"
EndProject
Project("{9A19103F-16F7-4668-BE54-9A1E7A4F7556}") = "DotJEM.Json.Index2.Snapshots.Test", "DotJEM.Json.Index2.Snapshots.Test\DotJEM.Json.Index2.Snapshots.Test.csproj", "{36286BC4-5473-4736-BAC6-58DFCF2517EF}"
EndProject
Project("{9A19103F-16F7-4668-BE54-9A1E7A4F7556}") = "DotJEM.Json.Index2.Management", "DotJEM.Json.Index2.Management\DotJEM.Json.Index2.Management.csproj", "{D5887ED5-3263-4DB3-B1F8-63096322279B}"
EndProject
Project("{2150E333-8FDC-42A3-9474-1A3956D46DE8}") = "Stress", "Stress", "{65A5C7D1-9A2B-41A2-B4B3-5761F395E536}"
EndProject
Project("{9A19103F-16F7-4668-BE54-9A1E7A4F7556}") = "StressTester", "Stress\StressTester\StressTester.csproj", "{8E44834E-DA07-433E-886F-F0684580A733}"
EndProject
Project("{FAE04EC0-301F-11D3-BF4B-00C04F79EFBC}") = "DotJEM.Json.Index2.Management.Test", "DotJEM.Json.Index2.Management.Test\DotJEM.Json.Index2.Management.Test.csproj", "{C69D5CE2-77DB-44B2-8775-E72B61320A5B}"
EndProject
Global
	GlobalSection(SolutionConfigurationPlatforms) = preSolution
		Debug|Any CPU = Debug|Any CPU
		Release|Any CPU = Release|Any CPU
	EndGlobalSection
	GlobalSection(ProjectConfigurationPlatforms) = postSolution
		{E617BC88-B223-440B-8AB5-34F38827893C}.Debug|Any CPU.ActiveCfg = Debug|Any CPU
		{E617BC88-B223-440B-8AB5-34F38827893C}.Debug|Any CPU.Build.0 = Debug|Any CPU
		{E617BC88-B223-440B-8AB5-34F38827893C}.Release|Any CPU.ActiveCfg = Release|Any CPU
		{E617BC88-B223-440B-8AB5-34F38827893C}.Release|Any CPU.Build.0 = Release|Any CPU
		{2E33AE34-57CD-4867-A0FF-507E7C51D718}.Debug|Any CPU.ActiveCfg = Debug|Any CPU
		{2E33AE34-57CD-4867-A0FF-507E7C51D718}.Debug|Any CPU.Build.0 = Debug|Any CPU
		{2E33AE34-57CD-4867-A0FF-507E7C51D718}.Release|Any CPU.ActiveCfg = Release|Any CPU
		{2E33AE34-57CD-4867-A0FF-507E7C51D718}.Release|Any CPU.Build.0 = Release|Any CPU
		{79933340-D497-44BE-8FA2-7C1EBE1BC715}.Debug|Any CPU.ActiveCfg = Debug|Any CPU
		{79933340-D497-44BE-8FA2-7C1EBE1BC715}.Debug|Any CPU.Build.0 = Debug|Any CPU
		{79933340-D497-44BE-8FA2-7C1EBE1BC715}.Release|Any CPU.ActiveCfg = Release|Any CPU
		{79933340-D497-44BE-8FA2-7C1EBE1BC715}.Release|Any CPU.Build.0 = Release|Any CPU
		{B07B4E9F-7202-4E9D-ACCC-717B43469A7A}.Debug|Any CPU.ActiveCfg = Debug|Any CPU
		{B07B4E9F-7202-4E9D-ACCC-717B43469A7A}.Debug|Any CPU.Build.0 = Debug|Any CPU
		{B07B4E9F-7202-4E9D-ACCC-717B43469A7A}.Release|Any CPU.ActiveCfg = Release|Any CPU
		{B07B4E9F-7202-4E9D-ACCC-717B43469A7A}.Release|Any CPU.Build.0 = Release|Any CPU
		{98FF81EC-F9B6-4B6C-9B02-2A5830756B05}.Debug|Any CPU.ActiveCfg = Debug|Any CPU
		{98FF81EC-F9B6-4B6C-9B02-2A5830756B05}.Debug|Any CPU.Build.0 = Debug|Any CPU
		{98FF81EC-F9B6-4B6C-9B02-2A5830756B05}.Release|Any CPU.ActiveCfg = Release|Any CPU
		{98FF81EC-F9B6-4B6C-9B02-2A5830756B05}.Release|Any CPU.Build.0 = Release|Any CPU
		{8F30DDCD-334C-4C47-AE47-9DCEB0CB4C73}.Debug|Any CPU.ActiveCfg = Debug|Any CPU
		{8F30DDCD-334C-4C47-AE47-9DCEB0CB4C73}.Debug|Any CPU.Build.0 = Debug|Any CPU
		{8F30DDCD-334C-4C47-AE47-9DCEB0CB4C73}.Release|Any CPU.ActiveCfg = Release|Any CPU
		{8F30DDCD-334C-4C47-AE47-9DCEB0CB4C73}.Release|Any CPU.Build.0 = Release|Any CPU
		{10159BF9-8B8C-4BE1-8DB8-321839C6C267}.Debug|Any CPU.ActiveCfg = Debug|Any CPU
		{10159BF9-8B8C-4BE1-8DB8-321839C6C267}.Debug|Any CPU.Build.0 = Debug|Any CPU
		{10159BF9-8B8C-4BE1-8DB8-321839C6C267}.Release|Any CPU.ActiveCfg = Release|Any CPU
		{10159BF9-8B8C-4BE1-8DB8-321839C6C267}.Release|Any CPU.Build.0 = Release|Any CPU
		{36286BC4-5473-4736-BAC6-58DFCF2517EF}.Debug|Any CPU.ActiveCfg = Debug|Any CPU
		{36286BC4-5473-4736-BAC6-58DFCF2517EF}.Debug|Any CPU.Build.0 = Debug|Any CPU
		{36286BC4-5473-4736-BAC6-58DFCF2517EF}.Release|Any CPU.ActiveCfg = Release|Any CPU
		{36286BC4-5473-4736-BAC6-58DFCF2517EF}.Release|Any CPU.Build.0 = Release|Any CPU
		{D5887ED5-3263-4DB3-B1F8-63096322279B}.Debug|Any CPU.ActiveCfg = Debug|Any CPU
		{D5887ED5-3263-4DB3-B1F8-63096322279B}.Debug|Any CPU.Build.0 = Debug|Any CPU
		{D5887ED5-3263-4DB3-B1F8-63096322279B}.Release|Any CPU.ActiveCfg = Release|Any CPU
		{D5887ED5-3263-4DB3-B1F8-63096322279B}.Release|Any CPU.Build.0 = Release|Any CPU
		{8E44834E-DA07-433E-886F-F0684580A733}.Debug|Any CPU.ActiveCfg = Debug|Any CPU
		{8E44834E-DA07-433E-886F-F0684580A733}.Debug|Any CPU.Build.0 = Debug|Any CPU
		{8E44834E-DA07-433E-886F-F0684580A733}.Release|Any CPU.ActiveCfg = Release|Any CPU
		{8E44834E-DA07-433E-886F-F0684580A733}.Release|Any CPU.Build.0 = Release|Any CPU
		{C69D5CE2-77DB-44B2-8775-E72B61320A5B}.Debug|Any CPU.ActiveCfg = Debug|Any CPU
		{C69D5CE2-77DB-44B2-8775-E72B61320A5B}.Debug|Any CPU.Build.0 = Debug|Any CPU
		{C69D5CE2-77DB-44B2-8775-E72B61320A5B}.Release|Any CPU.ActiveCfg = Release|Any CPU
		{C69D5CE2-77DB-44B2-8775-E72B61320A5B}.Release|Any CPU.Build.0 = Release|Any CPU
	EndGlobalSection
	GlobalSection(SolutionProperties) = preSolution
		HideSolutionNode = FALSE
	EndGlobalSection
	GlobalSection(NestedProjects) = preSolution
		{8E44834E-DA07-433E-886F-F0684580A733} = {65A5C7D1-9A2B-41A2-B4B3-5761F395E536}
	EndGlobalSection
	GlobalSection(ExtensibilityGlobals) = postSolution
		SolutionGuid = {7E7928A8-CADD-4F04-A69D-36EFE1A8D27B}
	EndGlobalSection
EndGlobal
